
Microsoft Visual Studio Solution File, Format Version 12.00
# Visual Studio Version 17
VisualStudioVersion = 17.11.35327.3
MinimumVisualStudioVersion = 10.0.40219.1
Project("{8BC9CEB8-8B4A-11D0-8D11-00A0C91BC942}") = "inf.04.2023.01.02-console_application", "inf.04.2023.01.02-console_application\inf.04.2023.01.02-console_application.vcxproj", "{991AB4C4-9D31-4382-A762-FA95B0AC19B5}"
EndProject
Global
	GlobalSection(SolutionConfigurationPlatforms) = preSolution
		Debug|x64 = Debug|x64
		Debug|x86 = Debug|x86
		Release|x64 = Release|x64
		Release|x86 = Release|x86
	EndGlobalSection
	GlobalSection(ProjectConfigurationPlatforms) = postSolution
		{991AB4C4-9D31-4382-A762-FA95B0AC19B5}.Debug|x64.ActiveCfg = Debug|x64
		{991AB4C4-9D31-4382-A762-FA95B0AC19B5}.Debug|x64.Build.0 = Debug|x64
		{991AB4C4-9D31-4382-A762-FA95B0AC19B5}.Debug|x86.ActiveCfg = Debug|Win32
		{991AB4C4-9D31-4382-A762-FA95B0AC19B5}.Debug|x86.Build.0 = Debug|Win32
		{991AB4C4-9D31-4382-A762-FA95B0AC19B5}.Release|x64.ActiveCfg = Release|x64
		{991AB4C4-9D31-4382-A762-FA95B0AC19B5}.Release|x64.Build.0 = Release|x64
		{991AB4C4-9D31-4382-A762-FA95B0AC19B5}.Release|x86.ActiveCfg = Release|Win32
		{991AB4C4-9D31-4382-A762-FA95B0AC19B5}.Release|x86.Build.0 = Release|Win32
	EndGlobalSection
	GlobalSection(SolutionProperties) = preSolution
		HideSolutionNode = FALSE
	EndGlobalSection
	GlobalSection(ExtensibilityGlobals) = postSolution
		SolutionGuid = {A1141A14-FE92-403D-BF5A-1854E7FEF347}
	EndGlobalSection
EndGlobal
